
Microsoft Visual Studio Solution File, Format Version 12.00
# Visual Studio Version 17
VisualStudioVersion = 17.8.34330.188
MinimumVisualStudioVersion = 10.0.40219.1
Project("{FAE04EC0-301F-11D3-BF4B-00C04F79EFBC}") = "LMS.Server", "LMS\Server\LMS.Server.csproj", "{C34D55D5-98CE-4C5A-8949-4FC0782B9397}"
EndProject
Project("{FAE04EC0-301F-11D3-BF4B-00C04F79EFBC}") = "LMS.Client", "LMS\Client\LMS.Client.csproj", "{2F253FF3-5772-4FDF-B9DD-C554BE866970}"
EndProject
Project("{FAE04EC0-301F-11D3-BF4B-00C04F79EFBC}") = "LMS.Shared", "LMS\Shared\LMS.Shared.csproj", "{A6E8220E-9367-4F0B-A255-55C61BC7478C}"
EndProject
Global
	GlobalSection(SolutionConfigurationPlatforms) = preSolution
		Debug|Any CPU = Debug|Any CPU
		Release|Any CPU = Release|Any CPU
	EndGlobalSection
	GlobalSection(ProjectConfigurationPlatforms) = postSolution
		{C34D55D5-98CE-4C5A-8949-4FC0782B9397}.Debug|Any CPU.ActiveCfg = Debug|Any CPU
		{C34D55D5-98CE-4C5A-8949-4FC0782B9397}.Debug|Any CPU.Build.0 = Debug|Any CPU
		{C34D55D5-98CE-4C5A-8949-4FC0782B9397}.Release|Any CPU.ActiveCfg = Release|Any CPU
		{C34D55D5-98CE-4C5A-8949-4FC0782B9397}.Release|Any CPU.Build.0 = Release|Any CPU
		{2F253FF3-5772-4FDF-B9DD-C554BE866970}.Debug|Any CPU.ActiveCfg = Debug|Any CPU
		{2F253FF3-5772-4FDF-B9DD-C554BE866970}.Debug|Any CPU.Build.0 = Debug|Any CPU
		{2F253FF3-5772-4FDF-B9DD-C554BE866970}.Release|Any CPU.ActiveCfg = Release|Any CPU
		{2F253FF3-5772-4FDF-B9DD-C554BE866970}.Release|Any CPU.Build.0 = Release|Any CPU
		{A6E8220E-9367-4F0B-A255-55C61BC7478C}.Debug|Any CPU.ActiveCfg = Debug|Any CPU
		{A6E8220E-9367-4F0B-A255-55C61BC7478C}.Debug|Any CPU.Build.0 = Debug|Any CPU
		{A6E8220E-9367-4F0B-A255-55C61BC7478C}.Release|Any CPU.ActiveCfg = Release|Any CPU
		{A6E8220E-9367-4F0B-A255-55C61BC7478C}.Release|Any CPU.Build.0 = Release|Any CPU
	EndGlobalSection
	GlobalSection(SolutionProperties) = preSolution
		HideSolutionNode = FALSE
	EndGlobalSection
	GlobalSection(ExtensibilityGlobals) = postSolution
		SolutionGuid = {7A7A90F9-6586-41A0-998F-17C07AB85FE1}
	EndGlobalSection
EndGlobal
